{
  "nodes": {
    "home-manager": {
      "inputs": {
        "nixpkgs": [
          "nixpkgs"
        ]
      },
      "locked": {
        "lastModified": 1709764752,
        "narHash": "sha256-+lM4J4JoJeiN8V+3WSWndPHj1pJ9Jc1UMikGbXLqCTk=",
        "owner": "nix-community",
        "repo": "home-manager",
        "rev": "cf111d1a849ddfc38e9155be029519b0e2329615",
        "type": "github"
      },
      "original": {
        "owner": "nix-community",
        "repo": "home-manager",
        "type": "github"
      }
    },
    "hyprlang": {
      "inputs": {
        "nixpkgs": [
          "hyprlock",
          "nixpkgs"
        ]
      },
      "locked": {
        "lastModified": 1708212860,
        "narHash": "sha256-nW3Zrhh9RJcMTvOcXAaKADnJM/g6tDf3121lJtTHnYo=",
        "owner": "hyprwm",
        "repo": "hyprlang",
        "rev": "11d5ccda071c153dfdc18ef65338956a51cef96a",
        "type": "github"
      },
      "original": {
        "owner": "hyprwm",
        "repo": "hyprlang",
        "type": "github"
      }
    },
    "hyprlock": {
      "inputs": {
        "hyprlang": "hyprlang",
        "nixpkgs": [
          "nixpkgs"
        ],
        "systems": "systems"
      },
      "locked": {
        "lastModified": 1709759569,
        "narHash": "sha256-c5DJbWcZYDp/X2ST3+2EHWSPDHLLrFbMeNy+FYWHRdk=",
        "owner": "hyprwm",
        "repo": "hyprlock",
        "rev": "3d6162e06ec2b957df822abe7a61a7aebba842a2",
        "type": "github"
      },
      "original": {
        "owner": "hyprwm",
        "repo": "hyprlock",
        "type": "github"
      }
    },
    "nixpkgs": {
      "locked": {
        "lastModified": 1709747860,
        "narHash": "sha256-RT4zuBy579m+l8VyIQFOR66WXfcs4g1jntZUHjh6eoI=",
        "owner": "nixos",
        "repo": "nixpkgs",
        "rev": "58ae79ea707579c40102ddf62d84b902a987c58b",
        "type": "github"
      },
      "original": {
        "owner": "nixos",
        "ref": "nixpkgs-unstable",
        "repo": "nixpkgs",
        "type": "github"
      }
    },
    "root": {
      "inputs": {
        "home-manager": "home-manager",
        "hyprlock": "hyprlock",
        "nixpkgs": "nixpkgs"
      }
    },
    "systems": {
      "locked": {
        "lastModified": 1689347949,
        "narHash": "sha256-12tWmuL2zgBgZkdoB6qXZsgJEH9LR3oUgpaQq2RbI80=",
        "owner": "nix-systems",
        "repo": "default-linux",
        "rev": "31732fcf5e8fea42e59c2488ad31a0e651500f68",
        "type": "github"
      },
      "original": {
        "owner": "nix-systems",
        "repo": "default-linux",
        "type": "github"
      }
    }
  },
  "root": "root",
  "version": 7
}
